// !$*UTF8*$!
{
	archiveVersion = 1;
	classes = {
	};
	objectVersion = 46;
	objects = {

/* Begin PBXBuildFile section */
		A85AFC971D0BA33B00359CCB /* main.swift in Sources */ = {isa = PBXBuildFile; fileRef = A85AFC961D0BA33B00359CCB /* main.swift */; };
		A85AFC9E1D0BA35800359CCB /* FEStringExtension.swift in Sources */ = {isa = PBXBuildFile; fileRef = A85AFC9D1D0BA35800359CCB /* FEStringExtension.swift */; };
/* End PBXBuildFile section */

/* Begin PBXCopyFilesBuildPhase section */
		A85AFC911D0BA33B00359CCB /* CopyFiles */ = {
			isa = PBXCopyFilesBuildPhase;
			buildActionMask = 2147483647;
			dstPath = /usr/share/man/man1/;
			dstSubfolderSpec = 0;
			files = (
			);
			runOnlyForDeploymentPostprocessing = 1;
		};
/* End PBXCopyFilesBuildPhase section */

/* Begin PBXFileReference section */
		A85AFC931D0BA33B00359CCB /* 3-StringExtension */ = {isa = PBXFileReference; explicitFileType = "compiled.mach-o.executable"; includeInIndex = 0; path = "3-StringExtension"; sourceTree = BUILT_PRODUCTS_DIR; };
		A85AFC961D0BA33B00359CCB /* main.swift */ = {isa = PBXFileReference; lastKnownFileType = sourcecode.swift; path = main.swift; sourceTree = "<group>"; };
		A85AFC9D1D0BA35800359CCB /* FEStringExtension.swift */ = {isa = PBXFileReference; fileEncoding = 4; lastKnownFileType = sourcecode.swift; path = FEStringExtension.swift; sourceTree = "<group>"; };
/* End PBXFileReference section */

/* Begin PBXFrameworksBuildPhase section */
		A85AFC901D0BA33B00359CCB /* Frameworks */ = {
			isa = PBXFrameworksBuildPhase;
			buildActionMask = 2147483647;
			files = (
			);
			runOnlyForDeploymentPostprocessing = 0;
		};
/* End PBXFrameworksBuildPhase section */

/* Begin PBXGroup section */
		A85AFC8A1D0BA33B00359CCB = {
			isa = PBXGroup;
			children = (
				A85AFC951D0BA33B00359CCB /* 3-StringExtension */,
				A85AFC941D0BA33B00359CCB /* Products */,
			);
			sourceTree = "<group>";
		};
		A85AFC941D0BA33B00359CCB /* Products */ = {
			isa = PBXGroup;
			children = (
				A85AFC931D0BA33B00359CCB /* 3-StringExtension */,
			);
			name = Products;
			sourceTree = "<group>";
		};
		A85AFC951D0BA33B00359CCB /* 3-StringExtension */ = {
			isa = PBXGroup;
			children = (
				A85AFC961D0BA33B00359CCB /* main.swift */,
				A85AFC9D1D0BA35800359CCB /* FEStringExtension.swift */,
			);
			path = "3-StringExtension";
			sourceTree = "<group>";
		};
/* End PBXGroup section */

/* Begin PBXNativeTarget section */
		A85AFC921D0BA33B00359CCB /* 3-StringExtension */ = {
			isa = PBXNativeTarget;
			buildConfigurationList = A85AFC9A1D0BA33B00359CCB /* Build configuration list for PBXNativeTarget "3-StringExtension" */;
			buildPhases = (
				A85AFC8F1D0BA33B00359CCB /* Sources */,
				A85AFC901D0BA33B00359CCB /* Frameworks */,
				A85AFC911D0BA33B00359CCB /* CopyFiles */,
			);
			buildRules = (
			);
			dependencies = (
			);
			name = "3-StringExtension";
			productName = "3-StringExtension";
			productReference = A85AFC931D0BA33B00359CCB /* 3-StringExtension */;
			productType = "com.apple.product-type.tool";
		};
/* End PBXNativeTarget section */

/* Begin PBXProject section */
		A85AFC8B1D0BA33B00359CCB /* Project object */ = {
			isa = PBXProject;
			attributes = {
				LastSwiftUpdateCheck = 0730;
				LastUpgradeCheck = 0730;
				ORGANIZATIONNAME = FlyElephant;
				TargetAttributes = {
					A85AFC921D0BA33B00359CCB = {
						CreatedOnToolsVersion = 7.3;
					};
				};
			};
			buildConfigurationList = A85AFC8E1D0BA33B00359CCB /* Build configuration list for PBXProject "3-StringExtension" */;
			compatibilityVersion = "Xcode 3.2";
			developmentRegion = English;
			hasScannedForEncodings = 0;
			knownRegions = (
				en,
			);
			mainGroup = A85AFC8A1D0BA33B00359CCB;
			productRefGroup = A85AFC941D0BA33B00359CCB /* Products */;
			projectDirPath = "";
			projectRoot = "";
			targets = (
				A85AFC921D0BA33B00359CCB /* 3-StringExtension */,
			);
		};
/* End PBXProject section */

/* Begin PBXSourcesBuildPhase section */
		A85AFC8F1D0BA33B00359CCB /* Sources */ = {
			isa = PBXSourcesBuildPhase;
			buildActionMask = 2147483647;
			files = (
				A85AFC971D0BA33B00359CCB /* main.swift in Sources */,
				A85AFC9E1D0BA35800359CCB /* FEStringExtension.swift in Sources */,
			);
			runOnlyForDeploymentPostprocessing = 0;
		};
/* End PBXSourcesBuildPhase section */

/* Begin XCBuildConfiguration section */
		A85AFC981D0BA33B00359CCB /* Debug */ = {
			isa = XCBuildConfiguration;
			buildSettings = {
				ALWAYS_SEARCH_USER_PATHS = NO;
				CLANG_ANALYZER_NONNULL = YES;
				CLANG_CXX_LANGUAGE_STANDARD = "gnu++0x";
				CLANG_CXX_LIBRARY = "libc++";
				CLANG_ENABLE_MODULES = YES;
				CLANG_ENABLE_OBJC_ARC = YES;
				CLANG_WARN_BOOL_CONVERSION = YES;
				CLANG_WARN_CONSTANT_CONVERSION = YES;
				CLANG_WARN_DIRECT_OBJC_ISA_USAGE = YES_ERROR;
				CLANG_WARN_EMPTY_BODY = YES;
				CLANG_WARN_ENUM_CONVERSION = YES;
				CLANG_WARN_INT_CONVERSION = YES;
				CLANG_WARN_OBJC_ROOT_CLASS = YES_ERROR;
				CLANG_WARN_UNREACHABLE_CODE = YES;
				CLANG_WARN__DUPLICATE_METHOD_MATCH = YES;
				CODE_SIGN_IDENTITY = "-";
				COPY_PHASE_STRIP = NO;
				DEBUG_INFORMATION_FORMAT = dwarf;
				ENABLE_STRICT_OBJC_MSGSEND = YES;
				ENABLE_TESTABILITY = YES;
				GCC_C_LANGUAGE_STANDARD = gnu99;
				GCC_DYNAMIC_NO_PIC = NO;
				GCC_NO_COMMON_BLOCKS = YES;
				GCC_OPTIMIZATION_LEVEL = 0;
				GCC_PREPROCESSOR_DEFINITIONS = (
					"DEBUG=1",
					"$(inherited)",
				);
				GCC_WARN_64_TO_32_BIT_CONVERSION = YES;
				GCC_WARN_ABOUT_RETURN_TYPE = YES_ERROR;
				GCC_WARN_UNDECLARED_SELECTOR = YES;
				GCC_WARN_UNINITIALIZED_AUTOS = YES_AGGRESSIVE;
				GCC_WARN_UNUSED_FUNCTION = YES;
				GCC_WARN_UNUSED_VARIABLE = YES;
				MACOSX_DEPLOYMENT_TARGET = 10.11;
				MTL_ENABLE_DEBUG_INFO = YES;
				ONLY_ACTIVE_ARCH = YES;
				SDKROOT = macosx;
				SWIFT_OPTIMIZATION_LEVEL = "-Onone";
			};
			name = Debug;
		};
		A85AFC991D0BA33B00359CCB /* Release */ = {
			isa = XCBuildConfiguration;
			buildSettings = {
				ALWAYS_SEARCH_USER_PATHS = NO;
				CLANG_ANALYZER_NONNULL = YES;
				CLANG_CXX_LANGUAGE_STANDARD = "gnu++0x";
				CLANG_CXX_LIBRARY = "libc++";
				CLANG_ENABLE_MODULES = YES;
				CLANG_ENABLE_OBJC_ARC = YES;
				CLANG_WARN_BOOL_CONVERSION = YES;
				CLANG_WARN_CONSTANT_CONVERSION = YES;
				CLANG_WARN_DIRECT_OBJC_ISA_USAGE = YES_ERROR;
				CLANG_WARN_EMPTY_BODY = YES;
				CLANG_WARN_ENUM_CONVERSION = YES;
				CLANG_WARN_INT_CONVERSION = YES;
				CLANG_WARN_OBJC_ROOT_CLASS = YES_ERROR;
				CLANG_WARN_UNREACHABLE_CODE = YES;
				CLANG_WARN__DUPLICATE_METHOD_MATCH = YES;
				CODE_SIGN_IDENTITY = "-";
				COPY_PHASE_STRIP = NO;
				DEBUG_INFORMATION_FORMAT = "dwarf-with-dsym";
				ENABLE_NS_ASSERTIONS = NO;
				ENABLE_STRICT_OBJC_MSGSEND = YES;
				GCC_C_LANGUAGE_STANDARD = gnu99;
				GCC_NO_COMMON_BLOCKS = YES;
				GCC_WARN_64_TO_32_BIT_CONVERSION = YES;
				GCC_WARN_ABOUT_RETURN_TYPE = YES_ERROR;
				GCC_WARN_UNDECLARED_SELECTOR = YES;
				GCC_WARN_UNINITIALIZED_AUTOS = YES_AGGRESSIVE;
				GCC_WARN_UNUSED_FUNCTION = YES;
				GCC_WARN_UNUSED_VARIABLE = YES;
				MACOSX_DEPLOYMENT_TARGET = 10.11;
				MTL_ENABLE_DEBUG_INFO = NO;
				SDKROOT = macosx;
			};
			name = Release;
		};
		A85AFC9B1D0BA33B00359CCB /* Debug */ = {
			isa = XCBuildConfiguration;
			buildSettings = {
				PRODUCT_NAME = "$(TARGET_NAME)";
			};
			name = Debug;
		};
		A85AFC9C1D0BA33B00359CCB /* Release */ = {
			isa = XCBuildConfiguration;
			buildSettings = {
				PRODUCT_NAME = "$(TARGET_NAME)";
			};
			name = Release;
		};
/* End XCBuildConfiguration section */

/* Begin XCConfigurationList section */
		A85AFC8E1D0BA33B00359CCB /* Build configuration list for PBXProject "3-StringExtension" */ = {
			isa = XCConfigurationList;
			buildConfigurations = (
				A85AFC981D0BA33B00359CCB /* Debug */,
				A85AFC991D0BA33B00359CCB /* Release */,
			);
			defaultConfigurationIsVisible = 0;
			defaultConfigurationName = Release;
		};
		A85AFC9A1D0BA33B00359CCB /* Build configuration list for PBXNativeTarget "3-StringExtension" */ = {
			isa = XCConfigurationList;
			buildConfigurations = (
				A85AFC9B1D0BA33B00359CCB /* Debug */,
				A85AFC9C1D0BA33B00359CCB /* Release */,
			);
			defaultConfigurationIsVisible = 0;
		};
/* End XCConfigurationList section */
	};
	rootObject = A85AFC8B1D0BA33B00359CCB /* Project object */;
}
